// !$*UTF8*$!
{
	archiveVersion = 1;
	classes = {
	};
	objectVersion = 50;
	objects = {

/* Begin PBXBuildFile section */
		34514983213F2943004A30E7 /* libessentia-bridges-api-ios.a in Frameworks */ = {isa = PBXBuildFile; fileRef = 3492201D20ED415F00A59A6F /* libessentia-bridges-api-ios.a */; };
		3451498A213F296F004A30E7 /* EthereumWalletTests.swift in Sources */ = {isa = PBXBuildFile; fileRef = 34514989213F296F004A30E7 /* EthereumWalletTests.swift */; };
		34737BDA2150E077008A306F /* EtherScanInfo.swift in Sources */ = {isa = PBXBuildFile; fileRef = 34737BD92150E077008A306F /* EtherScanInfo.swift */; };
		348BC798217F6C6E00F494A8 /* EthereumTransactionDetail.swift in Sources */ = {isa = PBXBuildFile; fileRef = 348BC797217F6C6E00F494A8 /* EthereumTransactionDetail.swift */; };
		348BC79A217F6CEC00F494A8 /* EthereumTransactionsByAddress.swift in Sources */ = {isa = PBXBuildFile; fileRef = 348BC799217F6CEC00F494A8 /* EthereumTransactionsByAddress.swift */; };
		3492202C20ED786800A59A6F /* WalletInterface.swift in Sources */ = {isa = PBXBuildFile; fileRef = 3492202B20ED786800A59A6F /* WalletInterface.swift */; };
		3492202F20ED795000A59A6F /* EthereumWalletInterface.swift in Sources */ = {isa = PBXBuildFile; fileRef = 3492202E20ED795000A59A6F /* EthereumWalletInterface.swift */; };
		3492203120ED7A5F00A59A6F /* EthereumWallet.swift in Sources */ = {isa = PBXBuildFile; fileRef = 3492203020ED7A5F00A59A6F /* EthereumWallet.swift */; };
		3492203320ED7B0B00A59A6F /* CryptoWallet.swift in Sources */ = {isa = PBXBuildFile; fileRef = 3492203220ED7B0B00A59A6F /* CryptoWallet.swift */; };
		3492203520ED7C2000A59A6F /* BitcoinWalletInterface.swift in Sources */ = {isa = PBXBuildFile; fileRef = 3492203420ED7C2000A59A6F /* BitcoinWalletInterface.swift */; };
		3492203720ED7C4C00A59A6F /* BitcoinWallet.swift in Sources */ = {isa = PBXBuildFile; fileRef = 3492203620ED7C4C00A59A6F /* BitcoinWallet.swift */; };
		3492203B20ED7CAA00A59A6F /* BitcoinCashWalletInterface.swift in Sources */ = {isa = PBXBuildFile; fileRef = 3492203A20ED7CAA00A59A6F /* BitcoinCashWalletInterface.swift */; };
		3492203D20ED7CB600A59A6F /* BitcoinCashWallet.swift in Sources */ = {isa = PBXBuildFile; fileRef = 3492203C20ED7CB600A59A6F /* BitcoinCashWallet.swift */; };
		3492203F20ED7D2500A59A6F /* LitecoinWalletInterface.swift in Sources */ = {isa = PBXBuildFile; fileRef = 3492203E20ED7D2500A59A6F /* LitecoinWalletInterface.swift */; };
		3492204120ED7D2F00A59A6F /* LitecoinWallet.swift in Sources */ = {isa = PBXBuildFile; fileRef = 3492204020ED7D2F00A59A6F /* LitecoinWallet.swift */; };
		3492208620EFC8B700A59A6F /* BaseWallet.swift in Sources */ = {isa = PBXBuildFile; fileRef = 3492208520EFC8B700A59A6F /* BaseWallet.swift */; };
		3492209820F34F4900A59A6F /* EthereumEndpoint.swift in Sources */ = {isa = PBXBuildFile; fileRef = 3492209720F34F4900A59A6F /* EthereumEndpoint.swift */; };
		3492209A20F3508500A59A6F /* Typealiases.swift in Sources */ = {isa = PBXBuildFile; fileRef = 3492209920F3508500A59A6F /* Typealiases.swift */; };
		349220D420F5658F00A59A6F /* EthereumBalance.swift in Sources */ = {isa = PBXBuildFile; fileRef = 349220D320F5658F00A59A6F /* EthereumBalance.swift */; };
		349220D620F5F33700A59A6F /* EthereumNumberResponce.swift in Sources */ = {isa = PBXBuildFile; fileRef = 349220D520F5F33700A59A6F /* EthereumNumberResponce.swift */; };
		349220D920F5F57C00A59A6F /* RPCModel.swift in Sources */ = {isa = PBXBuildFile; fileRef = 349220D820F5F57C00A59A6F /* RPCModel.swift */; };
		349220DB20F6005C00A59A6F /* EthereumTransactionCount.swift in Sources */ = {isa = PBXBuildFile; fileRef = 349220DA20F6005C00A59A6F /* EthereumTransactionCount.swift */; };
		34B57573219456C2009B7162 /* EthereumGasSpeed.swift in Sources */ = {isa = PBXBuildFile; fileRef = 34B57572219456C2009B7162 /* EthereumGasSpeed.swift */; };
		34CABC9E216BAA60004B6CAA /* EthereumSmartContractTests.swift in Sources */ = {isa = PBXBuildFile; fileRef = 34CABC9D216BAA60004B6CAA /* EthereumSmartContractTests.swift */; };
		34CABCA0216C0068004B6CAA /* EthereumSmartContract.swift in Sources */ = {isa = PBXBuildFile; fileRef = 34CABC9F216C0067004B6CAA /* EthereumSmartContract.swift */; };
		34CABCA2216C02A0004B6CAA /* EthereumTokenBalance.swift in Sources */ = {isa = PBXBuildFile; fileRef = 34CABCA1216C02A0004B6CAA /* EthereumTokenBalance.swift */; };
		34F2EA6E21A28BCB009F00F2 /* EthereumTxId.swift in Sources */ = {isa = PBXBuildFile; fileRef = 34F2EA6D21A28BCB009F00F2 /* EthereumTxId.swift */; };
		4C9E745855E57C6FCACF004C /* Pods_Essentia_bridges_api_ios_tests.framework in Frameworks */ = {isa = PBXBuildFile; fileRef = 49A32A0AA398BA7A6B018FAD /* Pods_Essentia_bridges_api_ios_tests.framework */; };
		BB1E8E2F21590D67001B1082 /* LitecoinTransactionsHistory.swift in Sources */ = {isa = PBXBuildFile; fileRef = BB1E8E2E21590D67001B1082 /* LitecoinTransactionsHistory.swift */; };
		BB1E8E31215947FC001B1082 /* LitecoinUTXO.swift in Sources */ = {isa = PBXBuildFile; fileRef = BB1E8E30215947FC001B1082 /* LitecoinUTXO.swift */; };
		BB7AD798215BF953002F2648 /* LitecoinSendTX.swift in Sources */ = {isa = PBXBuildFile; fileRef = BB7AD797215BF953002F2648 /* LitecoinSendTX.swift */; };
		BB8013E4215643B1003E3612 /* HDWalletKit.framework in Frameworks */ = {isa = PBXBuildFile; fileRef = BB8013E3215643B1003E3612 /* HDWalletKit.framework */; };
		BB8013E6215643B5003E3612 /* EssentiaNetworkCore.framework in Frameworks */ = {isa = PBXBuildFile; fileRef = BB8013E5215643B5003E3612 /* EssentiaNetworkCore.framework */; };
		BB8013E9215667D4003E3612 /* LitecoinEndpoint.swift in Sources */ = {isa = PBXBuildFile; fileRef = BB8013E8215667D4003E3612 /* LitecoinEndpoint.swift */; };
		BB8013EB215673D3003E3612 /* LitecoinBalance.swift in Sources */ = {isa = PBXBuildFile; fileRef = BB8013EA215673D3003E3612 /* LitecoinBalance.swift */; };
		BB8013ED215679FA003E3612 /* LitecoinWalletTests.swift in Sources */ = {isa = PBXBuildFile; fileRef = BB8013EC215679FA003E3612 /* LitecoinWalletTests.swift */; };
		BB8013EF2156917F003E3612 /* LitecoinTransaction.swift in Sources */ = {isa = PBXBuildFile; fileRef = BB8013EE2156917F003E3612 /* LitecoinTransaction.swift */; };
		BB9163FE215A2D2C0083584B /* BitcoinEndpoint.swift in Sources */ = {isa = PBXBuildFile; fileRef = BB9163F8215A2D2B0083584B /* BitcoinEndpoint.swift */; };
		BB9163FF215A2D2C0083584B /* BitcoinBalance.swift in Sources */ = {isa = PBXBuildFile; fileRef = BB9163FA215A2D2B0083584B /* BitcoinBalance.swift */; };
		BB916400215A2D2C0083584B /* BitcoinTransaction.swift in Sources */ = {isa = PBXBuildFile; fileRef = BB9163FB215A2D2B0083584B /* BitcoinTransaction.swift */; };
		BB916401215A2D2C0083584B /* BitcoinTransactionsHistory.swift in Sources */ = {isa = PBXBuildFile; fileRef = BB9163FC215A2D2B0083584B /* BitcoinTransactionsHistory.swift */; };
		BB916402215A2D2C0083584B /* BItcoinUTXO.swift in Sources */ = {isa = PBXBuildFile; fileRef = BB9163FD215A2D2B0083584B /* BItcoinUTXO.swift */; };
		BB916404215A33CE0083584B /* BitcoinWalletTests.swift in Sources */ = {isa = PBXBuildFile; fileRef = BB916403215A33CE0083584B /* BitcoinWalletTests.swift */; };
		BB916406215A3E560083584B /* BitcoinSendTX.swift in Sources */ = {isa = PBXBuildFile; fileRef = BB916405215A3E560083584B /* BitcoinSendTX.swift */; };
		BBB358622162883300D559A3 /* BitcoinCashEndpoint.swift in Sources */ = {isa = PBXBuildFile; fileRef = BBB3585C2162883300D559A3 /* BitcoinCashEndpoint.swift */; };
		BBB358632162883300D559A3 /* BitcoinCashBalance.swift in Sources */ = {isa = PBXBuildFile; fileRef = BBB3585E2162883300D559A3 /* BitcoinCashBalance.swift */; };
		BBB358642162883300D559A3 /* BitcoinCashSendTX.swift in Sources */ = {isa = PBXBuildFile; fileRef = BBB3585F2162883300D559A3 /* BitcoinCashSendTX.swift */; };
		BBB358652162883300D559A3 /* BitcoinCashTransaction.swift in Sources */ = {isa = PBXBuildFile; fileRef = BBB358602162883300D559A3 /* BitcoinCashTransaction.swift */; };
		BBB358662162883300D559A3 /* BitcoinCashTransactionsHistory.swift in Sources */ = {isa = PBXBuildFile; fileRef = BBB358612162883300D559A3 /* BitcoinCashTransactionsHistory.swift */; };
		BBB35868216289ED00D559A3 /* BitcoinCashWalletTests.swift in Sources */ = {isa = PBXBuildFile; fileRef = BBB35867216289EC00D559A3 /* BitcoinCashWalletTests.swift */; };
		F896B24478F60F38BFF4E9DC /* Pods_essentia_bridges_api_ios.framework in Frameworks */ = {isa = PBXBuildFile; fileRef = 47F2382617649E6497EAEA77 /* Pods_essentia_bridges_api_ios.framework */; };
/* End PBXBuildFile section */

/* Begin PBXContainerItemProxy section */
		34514984213F2943004A30E7 /* PBXContainerItemProxy */ = {
			isa = PBXContainerItemProxy;
			containerPortal = 3492201520ED415F00A59A6F /* Project object */;
			proxyType = 1;
			remoteGlobalIDString = 3492201C20ED415F00A59A6F;
			remoteInfo = "essentia-bridges-api-ios";
		};
/* End PBXContainerItemProxy section */

/* Begin PBXCopyFilesBuildPhase section */
		3492201B20ED415F00A59A6F /* CopyFiles */ = {
			isa = PBXCopyFilesBuildPhase;
			buildActionMask = 2147483647;
			dstPath = "include/$(PRODUCT_NAME)";
			dstSubfolderSpec = 16;
			files = (
			);
			runOnlyForDeploymentPostprocessing = 0;
		};
/* End PBXCopyFilesBuildPhase section */

/* Begin PBXFileReference section */
		1DD649BAF88A746856F204D2 /* Pods-essentia-bridges-api-ios.debug.xcconfig */ = {isa = PBXFileReference; includeInIndex = 1; lastKnownFileType = text.xcconfig; name = "Pods-essentia-bridges-api-ios.debug.xcconfig"; path = "Pods/Target Support Files/Pods-essentia-bridges-api-ios/Pods-essentia-bridges-api-ios.debug.xcconfig"; sourceTree = "<group>"; };
		3451497E213F2943004A30E7 /* Essentia-bridges-api-ios-tests.xctest */ = {isa = PBXFileReference; explicitFileType = wrapper.cfbundle; includeInIndex = 0; path = "Essentia-bridges-api-ios-tests.xctest"; sourceTree = BUILT_PRODUCTS_DIR; };
		34514982213F2943004A30E7 /* Info.plist */ = {isa = PBXFileReference; lastKnownFileType = text.plist.xml; path = Info.plist; sourceTree = "<group>"; };
		34514989213F296F004A30E7 /* EthereumWalletTests.swift */ = {isa = PBXFileReference; lastKnownFileType = sourcecode.swift; path = EthereumWalletTests.swift; sourceTree = "<group>"; };
		34737BD92150E077008A306F /* EtherScanInfo.swift */ = {isa = PBXFileReference; lastKnownFileType = sourcecode.swift; path = EtherScanInfo.swift; sourceTree = "<group>"; };
		348BC797217F6C6E00F494A8 /* EthereumTransactionDetail.swift */ = {isa = PBXFileReference; lastKnownFileType = sourcecode.swift; path = EthereumTransactionDetail.swift; sourceTree = "<group>"; };
		348BC799217F6CEC00F494A8 /* EthereumTransactionsByAddress.swift */ = {isa = PBXFileReference; lastKnownFileType = sourcecode.swift; path = EthereumTransactionsByAddress.swift; sourceTree = "<group>"; };
		3492201D20ED415F00A59A6F /* libessentia-bridges-api-ios.a */ = {isa = PBXFileReference; explicitFileType = archive.ar; includeInIndex = 0; path = "libessentia-bridges-api-ios.a"; sourceTree = BUILT_PRODUCTS_DIR; };
		3492202B20ED786800A59A6F /* WalletInterface.swift */ = {isa = PBXFileReference; lastKnownFileType = sourcecode.swift; path = WalletInterface.swift; sourceTree = "<group>"; };
		3492202E20ED795000A59A6F /* EthereumWalletInterface.swift */ = {isa = PBXFileReference; lastKnownFileType = sourcecode.swift; path = EthereumWalletInterface.swift; sourceTree = "<group>"; };
		3492203020ED7A5F00A59A6F /* EthereumWallet.swift */ = {isa = PBXFileReference; lastKnownFileType = sourcecode.swift; path = EthereumWallet.swift; sourceTree = "<group>"; };
		3492203220ED7B0B00A59A6F /* CryptoWallet.swift */ = {isa = PBXFileReference; lastKnownFileType = sourcecode.swift; path = CryptoWallet.swift; sourceTree = "<group>"; };
		3492203420ED7C2000A59A6F /* BitcoinWalletInterface.swift */ = {isa = PBXFileReference; lastKnownFileType = sourcecode.swift; path = BitcoinWalletInterface.swift; sourceTree = "<group>"; };
		3492203620ED7C4C00A59A6F /* BitcoinWallet.swift */ = {isa = PBXFileReference; lastKnownFileType = sourcecode.swift; path = BitcoinWallet.swift; sourceTree = "<group>"; };
		3492203A20ED7CAA00A59A6F /* BitcoinCashWalletInterface.swift */ = {isa = PBXFileReference; lastKnownFileType = sourcecode.swift; path = BitcoinCashWalletInterface.swift; sourceTree = "<group>"; };
		3492203C20ED7CB600A59A6F /* BitcoinCashWallet.swift */ = {isa = PBXFileReference; lastKnownFileType = sourcecode.swift; path = BitcoinCashWallet.swift; sourceTree = "<group>"; };
		3492203E20ED7D2500A59A6F /* LitecoinWalletInterface.swift */ = {isa = PBXFileReference; lastKnownFileType = sourcecode.swift; path = LitecoinWalletInterface.swift; sourceTree = "<group>"; };
		3492204020ED7D2F00A59A6F /* LitecoinWallet.swift */ = {isa = PBXFileReference; lastKnownFileType = sourcecode.swift; path = LitecoinWallet.swift; sourceTree = "<group>"; };
		3492208520EFC8B700A59A6F /* BaseWallet.swift */ = {isa = PBXFileReference; lastKnownFileType = sourcecode.swift; path = BaseWallet.swift; sourceTree = "<group>"; };
		3492209720F34F4900A59A6F /* EthereumEndpoint.swift */ = {isa = PBXFileReference; lastKnownFileType = sourcecode.swift; path = EthereumEndpoint.swift; sourceTree = "<group>"; };
		3492209920F3508500A59A6F /* Typealiases.swift */ = {isa = PBXFileReference; lastKnownFileType = sourcecode.swift; path = Typealiases.swift; sourceTree = "<group>"; };
		349220D320F5658F00A59A6F /* EthereumBalance.swift */ = {isa = PBXFileReference; lastKnownFileType = sourcecode.swift; path = EthereumBalance.swift; sourceTree = "<group>"; };
		349220D520F5F33700A59A6F /* EthereumNumberResponce.swift */ = {isa = PBXFileReference; lastKnownFileType = sourcecode.swift; path = EthereumNumberResponce.swift; sourceTree = "<group>"; };
		349220D820F5F57C00A59A6F /* RPCModel.swift */ = {isa = PBXFileReference; lastKnownFileType = sourcecode.swift; path = RPCModel.swift; sourceTree = "<group>"; };
		349220DA20F6005C00A59A6F /* EthereumTransactionCount.swift */ = {isa = PBXFileReference; lastKnownFileType = sourcecode.swift; path = EthereumTransactionCount.swift; sourceTree = "<group>"; };
		34B57572219456C2009B7162 /* EthereumGasSpeed.swift */ = {isa = PBXFileReference; lastKnownFileType = sourcecode.swift; path = EthereumGasSpeed.swift; sourceTree = "<group>"; };
		34CABC9D216BAA60004B6CAA /* EthereumSmartContractTests.swift */ = {isa = PBXFileReference; lastKnownFileType = sourcecode.swift; path = EthereumSmartContractTests.swift; sourceTree = "<group>"; };
		34CABC9F216C0067004B6CAA /* EthereumSmartContract.swift */ = {isa = PBXFileReference; lastKnownFileType = sourcecode.swift; path = EthereumSmartContract.swift; sourceTree = "<group>"; };
		34CABCA1216C02A0004B6CAA /* EthereumTokenBalance.swift */ = {isa = PBXFileReference; lastKnownFileType = sourcecode.swift; path = EthereumTokenBalance.swift; sourceTree = "<group>"; };
		34F2EA6D21A28BCB009F00F2 /* EthereumTxId.swift */ = {isa = PBXFileReference; lastKnownFileType = sourcecode.swift; path = EthereumTxId.swift; sourceTree = "<group>"; };
		47F2382617649E6497EAEA77 /* Pods_essentia_bridges_api_ios.framework */ = {isa = PBXFileReference; explicitFileType = wrapper.framework; includeInIndex = 0; path = Pods_essentia_bridges_api_ios.framework; sourceTree = BUILT_PRODUCTS_DIR; };
		49A32A0AA398BA7A6B018FAD /* Pods_Essentia_bridges_api_ios_tests.framework */ = {isa = PBXFileReference; explicitFileType = wrapper.framework; includeInIndex = 0; path = Pods_Essentia_bridges_api_ios_tests.framework; sourceTree = BUILT_PRODUCTS_DIR; };
		9EE38E6E54409846E4E9EC9F /* Pods-Essentia-bridges-api-ios-tests.release.xcconfig */ = {isa = PBXFileReference; includeInIndex = 1; lastKnownFileType = text.xcconfig; name = "Pods-Essentia-bridges-api-ios-tests.release.xcconfig"; path = "Pods/Target Support Files/Pods-Essentia-bridges-api-ios-tests/Pods-Essentia-bridges-api-ios-tests.release.xcconfig"; sourceTree = "<group>"; };
		BB1E8E2E21590D67001B1082 /* LitecoinTransactionsHistory.swift */ = {isa = PBXFileReference; lastKnownFileType = sourcecode.swift; path = LitecoinTransactionsHistory.swift; sourceTree = "<group>"; };
		BB1E8E30215947FC001B1082 /* LitecoinUTXO.swift */ = {isa = PBXFileReference; lastKnownFileType = sourcecode.swift; path = LitecoinUTXO.swift; sourceTree = "<group>"; };
		BB7AD797215BF953002F2648 /* LitecoinSendTX.swift */ = {isa = PBXFileReference; lastKnownFileType = sourcecode.swift; path = LitecoinSendTX.swift; sourceTree = "<group>"; };
		BB8013E3215643B1003E3612 /* HDWalletKit.framework */ = {isa = PBXFileReference; explicitFileType = wrapper.framework; path = HDWalletKit.framework; sourceTree = BUILT_PRODUCTS_DIR; };
		BB8013E5215643B5003E3612 /* EssentiaNetworkCore.framework */ = {isa = PBXFileReference; explicitFileType = wrapper.framework; path = EssentiaNetworkCore.framework; sourceTree = BUILT_PRODUCTS_DIR; };
		BB8013E8215667D4003E3612 /* LitecoinEndpoint.swift */ = {isa = PBXFileReference; lastKnownFileType = sourcecode.swift; path = LitecoinEndpoint.swift; sourceTree = "<group>"; };
		BB8013EA215673D3003E3612 /* LitecoinBalance.swift */ = {isa = PBXFileReference; lastKnownFileType = sourcecode.swift; path = LitecoinBalance.swift; sourceTree = "<group>"; };
		BB8013EC215679FA003E3612 /* LitecoinWalletTests.swift */ = {isa = PBXFileReference; lastKnownFileType = sourcecode.swift; path = LitecoinWalletTests.swift; sourceTree = "<group>"; };
		BB8013EE2156917F003E3612 /* LitecoinTransaction.swift */ = {isa = PBXFileReference; lastKnownFileType = sourcecode.swift; path = LitecoinTransaction.swift; sourceTree = "<group>"; };
		BB9163F8215A2D2B0083584B /* BitcoinEndpoint.swift */ = {isa = PBXFileReference; fileEncoding = 4; lastKnownFileType = sourcecode.swift; path = BitcoinEndpoint.swift; sourceTree = "<group>"; };
		BB9163FA215A2D2B0083584B /* BitcoinBalance.swift */ = {isa = PBXFileReference; fileEncoding = 4; lastKnownFileType = sourcecode.swift; path = BitcoinBalance.swift; sourceTree = "<group>"; };
		BB9163FB215A2D2B0083584B /* BitcoinTransaction.swift */ = {isa = PBXFileReference; fileEncoding = 4; lastKnownFileType = sourcecode.swift; path = BitcoinTransaction.swift; sourceTree = "<group>"; };
		BB9163FC215A2D2B0083584B /* BitcoinTransactionsHistory.swift */ = {isa = PBXFileReference; fileEncoding = 4; lastKnownFileType = sourcecode.swift; path = BitcoinTransactionsHistory.swift; sourceTree = "<group>"; };
		BB9163FD215A2D2B0083584B /* BItcoinUTXO.swift */ = {isa = PBXFileReference; fileEncoding = 4; lastKnownFileType = sourcecode.swift; path = BItcoinUTXO.swift; sourceTree = "<group>"; };
		BB916403215A33CE0083584B /* BitcoinWalletTests.swift */ = {isa = PBXFileReference; fileEncoding = 4; lastKnownFileType = sourcecode.swift; path = BitcoinWalletTests.swift; sourceTree = "<group>"; };
		BB916405215A3E560083584B /* BitcoinSendTX.swift */ = {isa = PBXFileReference; lastKnownFileType = sourcecode.swift; path = BitcoinSendTX.swift; sourceTree = "<group>"; };
		BBB3585C2162883300D559A3 /* BitcoinCashEndpoint.swift */ = {isa = PBXFileReference; fileEncoding = 4; lastKnownFileType = sourcecode.swift; path = BitcoinCashEndpoint.swift; sourceTree = "<group>"; };
		BBB3585E2162883300D559A3 /* BitcoinCashBalance.swift */ = {isa = PBXFileReference; fileEncoding = 4; lastKnownFileType = sourcecode.swift; path = BitcoinCashBalance.swift; sourceTree = "<group>"; };
		BBB3585F2162883300D559A3 /* BitcoinCashSendTX.swift */ = {isa = PBXFileReference; fileEncoding = 4; lastKnownFileType = sourcecode.swift; path = BitcoinCashSendTX.swift; sourceTree = "<group>"; };
		BBB358602162883300D559A3 /* BitcoinCashTransaction.swift */ = {isa = PBXFileReference; fileEncoding = 4; lastKnownFileType = sourcecode.swift; path = BitcoinCashTransaction.swift; sourceTree = "<group>"; };
		BBB358612162883300D559A3 /* BitcoinCashTransactionsHistory.swift */ = {isa = PBXFileReference; fileEncoding = 4; lastKnownFileType = sourcecode.swift; path = BitcoinCashTransactionsHistory.swift; sourceTree = "<group>"; };
		BBB35867216289EC00D559A3 /* BitcoinCashWalletTests.swift */ = {isa = PBXFileReference; fileEncoding = 4; lastKnownFileType = sourcecode.swift; path = BitcoinCashWalletTests.swift; sourceTree = "<group>"; };
		E5292E662034E4FF8E6A6CA2 /* Pods-essentia-bridges-api-ios.release.xcconfig */ = {isa = PBXFileReference; includeInIndex = 1; lastKnownFileType = text.xcconfig; name = "Pods-essentia-bridges-api-ios.release.xcconfig"; path = "Pods/Target Support Files/Pods-essentia-bridges-api-ios/Pods-essentia-bridges-api-ios.release.xcconfig"; sourceTree = "<group>"; };
		FE4B0AB970A7844BDF094E92 /* Pods-Essentia-bridges-api-ios-tests.debug.xcconfig */ = {isa = PBXFileReference; includeInIndex = 1; lastKnownFileType = text.xcconfig; name = "Pods-Essentia-bridges-api-ios-tests.debug.xcconfig"; path = "Pods/Target Support Files/Pods-Essentia-bridges-api-ios-tests/Pods-Essentia-bridges-api-ios-tests.debug.xcconfig"; sourceTree = "<group>"; };
/* End PBXFileReference section */

/* Begin PBXFrameworksBuildPhase section */
		3451497B213F2943004A30E7 /* Frameworks */ = {
			isa = PBXFrameworksBuildPhase;
			buildActionMask = 2147483647;
			files = (
				BB8013E4215643B1003E3612 /* HDWalletKit.framework in Frameworks */,
				BB8013E6215643B5003E3612 /* EssentiaNetworkCore.framework in Frameworks */,
				34514983213F2943004A30E7 /* libessentia-bridges-api-ios.a in Frameworks */,
				4C9E745855E57C6FCACF004C /* Pods_Essentia_bridges_api_ios_tests.framework in Frameworks */,
			);
			runOnlyForDeploymentPostprocessing = 0;
		};
		3492201A20ED415F00A59A6F /* Frameworks */ = {
			isa = PBXFrameworksBuildPhase;
			buildActionMask = 2147483647;
			files = (
				F896B24478F60F38BFF4E9DC /* Pods_essentia_bridges_api_ios.framework in Frameworks */,
			);
			runOnlyForDeploymentPostprocessing = 0;
		};
/* End PBXFrameworksBuildPhase section */

/* Begin PBXGroup section */
		3451497F213F2943004A30E7 /* Essentia-bridges-api-ios-tests */ = {
			isa = PBXGroup;
			children = (
				34514982213F2943004A30E7 /* Info.plist */,
				34514989213F296F004A30E7 /* EthereumWalletTests.swift */,
				BB8013EC215679FA003E3612 /* LitecoinWalletTests.swift */,
				BB916403215A33CE0083584B /* BitcoinWalletTests.swift */,
				BBB35867216289EC00D559A3 /* BitcoinCashWalletTests.swift */,
				34CABC9D216BAA60004B6CAA /* EthereumSmartContractTests.swift */,
			);
			path = "Essentia-bridges-api-ios-tests";
			sourceTree = "<group>";
		};
		3492201420ED415F00A59A6F = {
			isa = PBXGroup;
			children = (
				3492201F20ED415F00A59A6F /* essentia-bridges-api-ios */,
				3451497F213F2943004A30E7 /* Essentia-bridges-api-ios-tests */,
				3492201E20ED415F00A59A6F /* Products */,
				DEE4D68BEC557545D7E873A8 /* Pods */,
				BCECF70FCEE28ACAAF72BF57 /* Frameworks */,
			);
			sourceTree = "<group>";
		};
		3492201E20ED415F00A59A6F /* Products */ = {
			isa = PBXGroup;
			children = (
				3492201D20ED415F00A59A6F /* libessentia-bridges-api-ios.a */,
				3451497E213F2943004A30E7 /* Essentia-bridges-api-ios-tests.xctest */,
			);
			name = Products;
			sourceTree = "<group>";
		};
		3492201F20ED415F00A59A6F /* essentia-bridges-api-ios */ = {
			isa = PBXGroup;
			children = (
				3492207820EFC42300A59A6F /* Core */,
				3492202920ED784400A59A6F /* Wallets */,
				3492203220ED7B0B00A59A6F /* CryptoWallet.swift */,
			);
			path = "essentia-bridges-api-ios";
			sourceTree = "<group>";
		};
		3492202920ED784400A59A6F /* Wallets */ = {
			isa = PBXGroup;
			children = (
				3492203920ED7C9100A59A6F /* Litecoin */,
				3492203820ED7C8700A59A6F /* BitcoinCash */,
				3492202D20ED793A00A59A6F /* Bitcoin */,
				3492202A20ED784B00A59A6F /* Ethereum */,
				3492202B20ED786800A59A6F /* WalletInterface.swift */,
				3492208520EFC8B700A59A6F /* BaseWallet.swift */,
			);
			path = Wallets;
			sourceTree = "<group>";
		};
		3492202A20ED784B00A59A6F /* Ethereum */ = {
			isa = PBXGroup;
			children = (
				349220D120F5655A00A59A6F /* Models */,
				3492202E20ED795000A59A6F /* EthereumWalletInterface.swift */,
				3492203020ED7A5F00A59A6F /* EthereumWallet.swift */,
				3492209720F34F4900A59A6F /* EthereumEndpoint.swift */,
			);
			path = Ethereum;
			sourceTree = "<group>";
		};
		3492202D20ED793A00A59A6F /* Bitcoin */ = {
			isa = PBXGroup;
			children = (
				BB9163F9215A2D2B0083584B /* Models */,
				3492203420ED7C2000A59A6F /* BitcoinWalletInterface.swift */,
				3492203620ED7C4C00A59A6F /* BitcoinWallet.swift */,
				BB9163F8215A2D2B0083584B /* BitcoinEndpoint.swift */,
			);
			path = Bitcoin;
			sourceTree = "<group>";
		};
		3492203820ED7C8700A59A6F /* BitcoinCash */ = {
			isa = PBXGroup;
			children = (
				BBB3585D2162883300D559A3 /* Models */,
				3492203A20ED7CAA00A59A6F /* BitcoinCashWalletInterface.swift */,
				3492203C20ED7CB600A59A6F /* BitcoinCashWallet.swift */,
				BBB3585C2162883300D559A3 /* BitcoinCashEndpoint.swift */,
			);
			path = BitcoinCash;
			sourceTree = "<group>";
		};
		3492203920ED7C9100A59A6F /* Litecoin */ = {
			isa = PBXGroup;
			children = (
				BB8013E7215667B2003E3612 /* Models */,
				3492203E20ED7D2500A59A6F /* LitecoinWalletInterface.swift */,
				3492204020ED7D2F00A59A6F /* LitecoinWallet.swift */,
				BB8013E8215667D4003E3612 /* LitecoinEndpoint.swift */,
			);
			path = Litecoin;
			sourceTree = "<group>";
		};
		3492207820EFC42300A59A6F /* Core */ = {
			isa = PBXGroup;
			children = (
				349220D720F5F56300A59A6F /* Models */,
				3492209920F3508500A59A6F /* Typealiases.swift */,
			);
			path = Core;
			sourceTree = "<group>";
		};
		349220D120F5655A00A59A6F /* Models */ = {
			isa = PBXGroup;
			children = (
				349220D320F5658F00A59A6F /* EthereumBalance.swift */,
				349220D520F5F33700A59A6F /* EthereumNumberResponce.swift */,
				349220DA20F6005C00A59A6F /* EthereumTransactionCount.swift */,
				34737BD92150E077008A306F /* EtherScanInfo.swift */,
				34CABC9F216C0067004B6CAA /* EthereumSmartContract.swift */,
				34CABCA1216C02A0004B6CAA /* EthereumTokenBalance.swift */,
				348BC797217F6C6E00F494A8 /* EthereumTransactionDetail.swift */,
				348BC799217F6CEC00F494A8 /* EthereumTransactionsByAddress.swift */,
				34B57572219456C2009B7162 /* EthereumGasSpeed.swift */,
				34F2EA6D21A28BCB009F00F2 /* EthereumTxId.swift */,
			);
			path = Models;
			sourceTree = "<group>";
		};
		349220D720F5F56300A59A6F /* Models */ = {
			isa = PBXGroup;
			children = (
				349220D820F5F57C00A59A6F /* RPCModel.swift */,
			);
			path = Models;
			sourceTree = "<group>";
		};
		BB8013E7215667B2003E3612 /* Models */ = {
			isa = PBXGroup;
			children = (
				BB8013EA215673D3003E3612 /* LitecoinBalance.swift */,
				BB8013EE2156917F003E3612 /* LitecoinTransaction.swift */,
				BB1E8E2E21590D67001B1082 /* LitecoinTransactionsHistory.swift */,
				BB1E8E30215947FC001B1082 /* LitecoinUTXO.swift */,
				BB7AD797215BF953002F2648 /* LitecoinSendTX.swift */,
			);
			path = Models;
			sourceTree = "<group>";
		};
		BB9163F9215A2D2B0083584B /* Models */ = {
			isa = PBXGroup;
			children = (
				BB9163FA215A2D2B0083584B /* BitcoinBalance.swift */,
				BB9163FB215A2D2B0083584B /* BitcoinTransaction.swift */,
				BB9163FC215A2D2B0083584B /* BitcoinTransactionsHistory.swift */,
				BB9163FD215A2D2B0083584B /* BItcoinUTXO.swift */,
				BB916405215A3E560083584B /* BitcoinSendTX.swift */,
			);
			path = Models;
			sourceTree = "<group>";
		};
		BBB3585D2162883300D559A3 /* Models */ = {
			isa = PBXGroup;
			children = (
				BBB3585E2162883300D559A3 /* BitcoinCashBalance.swift */,
				BBB3585F2162883300D559A3 /* BitcoinCashSendTX.swift */,
				BBB358602162883300D559A3 /* BitcoinCashTransaction.swift */,
				BBB358612162883300D559A3 /* BitcoinCashTransactionsHistory.swift */,
			);
			path = Models;
			sourceTree = "<group>";
		};
		BCECF70FCEE28ACAAF72BF57 /* Frameworks */ = {
			isa = PBXGroup;
			children = (
				BB8013E5215643B5003E3612 /* EssentiaNetworkCore.framework */,
				BB8013E3215643B1003E3612 /* HDWalletKit.framework */,
				47F2382617649E6497EAEA77 /* Pods_essentia_bridges_api_ios.framework */,
				49A32A0AA398BA7A6B018FAD /* Pods_Essentia_bridges_api_ios_tests.framework */,
			);
			name = Frameworks;
			sourceTree = "<group>";
		};
		DEE4D68BEC557545D7E873A8 /* Pods */ = {
			isa = PBXGroup;
			children = (
				1DD649BAF88A746856F204D2 /* Pods-essentia-bridges-api-ios.debug.xcconfig */,
				E5292E662034E4FF8E6A6CA2 /* Pods-essentia-bridges-api-ios.release.xcconfig */,
				FE4B0AB970A7844BDF094E92 /* Pods-Essentia-bridges-api-ios-tests.debug.xcconfig */,
				9EE38E6E54409846E4E9EC9F /* Pods-Essentia-bridges-api-ios-tests.release.xcconfig */,
			);
			name = Pods;
			sourceTree = "<group>";
		};
/* End PBXGroup section */

/* Begin PBXNativeTarget section */
		3451497D213F2943004A30E7 /* Essentia-bridges-api-ios-tests */ = {
			isa = PBXNativeTarget;
			buildConfigurationList = 34514988213F2943004A30E7 /* Build configuration list for PBXNativeTarget "Essentia-bridges-api-ios-tests" */;
			buildPhases = (
				B82F02A9E12FAAB78F4ADBD2 /* [CP] Check Pods Manifest.lock */,
				3451497A213F2943004A30E7 /* Sources */,
				3451497B213F2943004A30E7 /* Frameworks */,
				3451497C213F2943004A30E7 /* Resources */,
				1AA9A3FB142E577CD3EEFB14 /* [CP] Embed Pods Frameworks */,
			);
			buildRules = (
			);
			dependencies = (
				34514985213F2943004A30E7 /* PBXTargetDependency */,
			);
			name = "Essentia-bridges-api-ios-tests";
			productName = "Essentia-bridges-api-ios-tests";
			productReference = 3451497E213F2943004A30E7 /* Essentia-bridges-api-ios-tests.xctest */;
			productType = "com.apple.product-type.bundle.unit-test";
		};
		3492201C20ED415F00A59A6F /* essentia-bridges-api-ios */ = {
			isa = PBXNativeTarget;
			buildConfigurationList = 3492202420ED415F00A59A6F /* Build configuration list for PBXNativeTarget "essentia-bridges-api-ios" */;
			buildPhases = (
				652E907C9F636DBD724D083A /* [CP] Check Pods Manifest.lock */,
				3492201920ED415F00A59A6F /* Sources */,
				3492201A20ED415F00A59A6F /* Frameworks */,
				3492201B20ED415F00A59A6F /* CopyFiles */,
				3492208720F00FD800A59A6F /* ShellScript */,
			);
			buildRules = (
			);
			dependencies = (
			);
			name = "essentia-bridges-api-ios";
			productName = "essentia-bridges-api-ios";
			productReference = 3492201D20ED415F00A59A6F /* libessentia-bridges-api-ios.a */;
			productType = "com.apple.product-type.library.static";
		};
/* End PBXNativeTarget section */

/* Begin PBXProject section */
		3492201520ED415F00A59A6F /* Project object */ = {
			isa = PBXProject;
			attributes = {
				LastSwiftUpdateCheck = 0940;
				LastUpgradeCheck = 0940;
				ORGANIZATIONNAME = Essentia;
				TargetAttributes = {
					3451497D213F2943004A30E7 = {
						CreatedOnToolsVersion = 9.4.1;
						LastSwiftMigration = 1000;
					};
					3492201C20ED415F00A59A6F = {
						CreatedOnToolsVersion = 9.4.1;
						LastSwiftMigration = 1000;
					};
				};
			};
			buildConfigurationList = 3492201820ED415F00A59A6F /* Build configuration list for PBXProject "essentia-bridges-api-ios" */;
			compatibilityVersion = "Xcode 9.3";
			developmentRegion = en;
			hasScannedForEncodings = 0;
			knownRegions = (
				en,
			);
			mainGroup = 3492201420ED415F00A59A6F;
			productRefGroup = 3492201E20ED415F00A59A6F /* Products */;
			projectDirPath = "";
			projectRoot = "";
			targets = (
				3492201C20ED415F00A59A6F /* essentia-bridges-api-ios */,
				3451497D213F2943004A30E7 /* Essentia-bridges-api-ios-tests */,
			);
		};
/* End PBXProject section */

/* Begin PBXResourcesBuildPhase section */
		3451497C213F2943004A30E7 /* Resources */ = {
			isa = PBXResourcesBuildPhase;
			buildActionMask = 2147483647;
			files = (
			);
			runOnlyForDeploymentPostprocessing = 0;
		};
/* End PBXResourcesBuildPhase section */

/* Begin PBXShellScriptBuildPhase section */
		1AA9A3FB142E577CD3EEFB14 /* [CP] Embed Pods Frameworks */ = {
			isa = PBXShellScriptBuildPhase;
			buildActionMask = 2147483647;
			files = (
			);
			inputPaths = (
				"${SRCROOT}/Pods/Target Support Files/Pods-Essentia-bridges-api-ios-tests/Pods-Essentia-bridges-api-ios-tests-frameworks.sh",
				"${BUILT_PRODUCTS_DIR}/CryptoSwift/CryptoSwift.framework",
				"${BUILT_PRODUCTS_DIR}/scrypt/scrypt.framework",
				"${BUILT_PRODUCTS_DIR}/secp256k1.swift/secp256k1.framework",
			);
			name = "[CP] Embed Pods Frameworks";
			outputPaths = (
				"${TARGET_BUILD_DIR}/${FRAMEWORKS_FOLDER_PATH}/CryptoSwift.framework",
				"${TARGET_BUILD_DIR}/${FRAMEWORKS_FOLDER_PATH}/scrypt.framework",
				"${TARGET_BUILD_DIR}/${FRAMEWORKS_FOLDER_PATH}/secp256k1.framework",
			);
			runOnlyForDeploymentPostprocessing = 0;
			shellPath = /bin/sh;
			shellScript = "\"${SRCROOT}/Pods/Target Support Files/Pods-Essentia-bridges-api-ios-tests/Pods-Essentia-bridges-api-ios-tests-frameworks.sh\"\n";
			showEnvVarsInLog = 0;
		};
		3492208720F00FD800A59A6F /* ShellScript */ = {
			isa = PBXShellScriptBuildPhase;
			buildActionMask = 2147483647;
			files = (
			);
			inputPaths = (
			);
			outputPaths = (
			);
			runOnlyForDeploymentPostprocessing = 0;
			shellPath = /bin/sh;
			shellScript = "if which swiftlint >/dev/null; then\nswiftlint\nelse\necho \"warning: SwiftLint not installed, download from https://github.com/realm/SwiftLint\"\nfi";
		};
		652E907C9F636DBD724D083A /* [CP] Check Pods Manifest.lock */ = {
			isa = PBXShellScriptBuildPhase;
			buildActionMask = 2147483647;
			files = (
			);
			inputPaths = (
				"${PODS_PODFILE_DIR_PATH}/Podfile.lock",
				"${PODS_ROOT}/Manifest.lock",
			);
			name = "[CP] Check Pods Manifest.lock";
			outputPaths = (
				"$(DERIVED_FILE_DIR)/Pods-essentia-bridges-api-ios-checkManifestLockResult.txt",
			);
			runOnlyForDeploymentPostprocessing = 0;
			shellPath = /bin/sh;
			shellScript = "diff \"${PODS_PODFILE_DIR_PATH}/Podfile.lock\" \"${PODS_ROOT}/Manifest.lock\" > /dev/null\nif [ $? != 0 ] ; then\n    # print error to STDERR\n    echo \"error: The sandbox is not in sync with the Podfile.lock. Run 'pod install' or update your CocoaPods installation.\" >&2\n    exit 1\nfi\n# This output is used by Xcode 'outputs' to avoid re-running this script phase.\necho \"SUCCESS\" > \"${SCRIPT_OUTPUT_FILE_0}\"\n";
			showEnvVarsInLog = 0;
		};
		B82F02A9E12FAAB78F4ADBD2 /* [CP] Check Pods Manifest.lock */ = {
			isa = PBXShellScriptBuildPhase;
			buildActionMask = 2147483647;
			files = (
			);
			inputPaths = (
				"${PODS_PODFILE_DIR_PATH}/Podfile.lock",
				"${PODS_ROOT}/Manifest.lock",
			);
			name = "[CP] Check Pods Manifest.lock";
			outputPaths = (
				"$(DERIVED_FILE_DIR)/Pods-Essentia-bridges-api-ios-tests-checkManifestLockResult.txt",
			);
			runOnlyForDeploymentPostprocessing = 0;
			shellPath = /bin/sh;
			shellScript = "diff \"${PODS_PODFILE_DIR_PATH}/Podfile.lock\" \"${PODS_ROOT}/Manifest.lock\" > /dev/null\nif [ $? != 0 ] ; then\n    # print error to STDERR\n    echo \"error: The sandbox is not in sync with the Podfile.lock. Run 'pod install' or update your CocoaPods installation.\" >&2\n    exit 1\nfi\n# This output is used by Xcode 'outputs' to avoid re-running this script phase.\necho \"SUCCESS\" > \"${SCRIPT_OUTPUT_FILE_0}\"\n";
			showEnvVarsInLog = 0;
		};
/* End PBXShellScriptBuildPhase section */

/* Begin PBXSourcesBuildPhase section */
		3451497A213F2943004A30E7 /* Sources */ = {
			isa = PBXSourcesBuildPhase;
			buildActionMask = 2147483647;
			files = (
				34CABC9E216BAA60004B6CAA /* EthereumSmartContractTests.swift in Sources */,
				BB916404215A33CE0083584B /* BitcoinWalletTests.swift in Sources */,
				3451498A213F296F004A30E7 /* EthereumWalletTests.swift in Sources */,
				BBB35868216289ED00D559A3 /* BitcoinCashWalletTests.swift in Sources */,
				BB8013ED215679FA003E3612 /* LitecoinWalletTests.swift in Sources */,
			);
			runOnlyForDeploymentPostprocessing = 0;
		};
		3492201920ED415F00A59A6F /* Sources */ = {
			isa = PBXSourcesBuildPhase;
			buildActionMask = 2147483647;
			files = (
				BBB358632162883300D559A3 /* BitcoinCashBalance.swift in Sources */,
				3492203520ED7C2000A59A6F /* BitcoinWalletInterface.swift in Sources */,
				BB916400215A2D2C0083584B /* BitcoinTransaction.swift in Sources */,
				BBB358662162883300D559A3 /* BitcoinCashTransactionsHistory.swift in Sources */,
				3492202C20ED786800A59A6F /* WalletInterface.swift in Sources */,
				3492209A20F3508500A59A6F /* Typealiases.swift in Sources */,
				3492203D20ED7CB600A59A6F /* BitcoinCashWallet.swift in Sources */,
				BB916402215A2D2C0083584B /* BItcoinUTXO.swift in Sources */,
				349220D420F5658F00A59A6F /* EthereumBalance.swift in Sources */,
				348BC798217F6C6E00F494A8 /* EthereumTransactionDetail.swift in Sources */,
				BBB358642162883300D559A3 /* BitcoinCashSendTX.swift in Sources */,
				3492203120ED7A5F00A59A6F /* EthereumWallet.swift in Sources */,
				3492203720ED7C4C00A59A6F /* BitcoinWallet.swift in Sources */,
				3492209820F34F4900A59A6F /* EthereumEndpoint.swift in Sources */,
				349220D920F5F57C00A59A6F /* RPCModel.swift in Sources */,
				34CABCA0216C0068004B6CAA /* EthereumSmartContract.swift in Sources */,
				BB9163FE215A2D2C0083584B /* BitcoinEndpoint.swift in Sources */,
				3492204120ED7D2F00A59A6F /* LitecoinWallet.swift in Sources */,
				BB8013E9215667D4003E3612 /* LitecoinEndpoint.swift in Sources */,
				3492203F20ED7D2500A59A6F /* LitecoinWalletInterface.swift in Sources */,
				349220DB20F6005C00A59A6F /* EthereumTransactionCount.swift in Sources */,
				BB916401215A2D2C0083584B /* BitcoinTransactionsHistory.swift in Sources */,
				3492202F20ED795000A59A6F /* EthereumWalletInterface.swift in Sources */,
				BBB358652162883300D559A3 /* BitcoinCashTransaction.swift in Sources */,
				BB9163FF215A2D2C0083584B /* BitcoinBalance.swift in Sources */,
				34737BDA2150E077008A306F /* EtherScanInfo.swift in Sources */,
				BBB358622162883300D559A3 /* BitcoinCashEndpoint.swift in Sources */,
				BB8013EF2156917F003E3612 /* LitecoinTransaction.swift in Sources */,
				34B57573219456C2009B7162 /* EthereumGasSpeed.swift in Sources */,
				BB1E8E2F21590D67001B1082 /* LitecoinTransactionsHistory.swift in Sources */,
				3492203B20ED7CAA00A59A6F /* BitcoinCashWalletInterface.swift in Sources */,
				3492203320ED7B0B00A59A6F /* CryptoWallet.swift in Sources */,
				BB1E8E31215947FC001B1082 /* LitecoinUTXO.swift in Sources */,
				349220D620F5F33700A59A6F /* EthereumNumberResponce.swift in Sources */,
				348BC79A217F6CEC00F494A8 /* EthereumTransactionsByAddress.swift in Sources */,
				BB7AD798215BF953002F2648 /* LitecoinSendTX.swift in Sources */,
				3492208620EFC8B700A59A6F /* BaseWallet.swift in Sources */,
				BB8013EB215673D3003E3612 /* LitecoinBalance.swift in Sources */,
				BB916406215A3E560083584B /* BitcoinSendTX.swift in Sources */,
				34F2EA6E21A28BCB009F00F2 /* EthereumTxId.swift in Sources */,
				34CABCA2216C02A0004B6CAA /* EthereumTokenBalance.swift in Sources */,
			);
			runOnlyForDeploymentPostprocessing = 0;
		};
/* End PBXSourcesBuildPhase section */

/* Begin PBXTargetDependency section */
		34514985213F2943004A30E7 /* PBXTargetDependency */ = {
			isa = PBXTargetDependency;
			target = 3492201C20ED415F00A59A6F /* essentia-bridges-api-ios */;
			targetProxy = 34514984213F2943004A30E7 /* PBXContainerItemProxy */;
		};
/* End PBXTargetDependency section */

/* Begin XCBuildConfiguration section */
		34514986213F2943004A30E7 /* Debug */ = {
			isa = XCBuildConfiguration;
			baseConfigurationReference = FE4B0AB970A7844BDF094E92 /* Pods-Essentia-bridges-api-ios-tests.debug.xcconfig */;
			buildSettings = {
				CLANG_ENABLE_MODULES = YES;
				CODE_SIGN_STYLE = Automatic;
				DEVELOPMENT_TEAM = X24R65DM8E;
				INFOPLIST_FILE = "Essentia-bridges-api-ios-tests/Info.plist";
				LD_RUNPATH_SEARCH_PATHS = (
					"$(inherited)",
					"@executable_path/Frameworks",
					"@loader_path/Frameworks",
				);
				PRODUCT_BUNDLE_IDENTIFIER = "Essentia.Essentia-bridges-api-ios-tests";
				PRODUCT_NAME = "$(TARGET_NAME)";
				SWIFT_OPTIMIZATION_LEVEL = "-Onone";
				SWIFT_VERSION = 4.2;
				TARGETED_DEVICE_FAMILY = "1,2";
			};
			name = Debug;
		};
		34514987213F2943004A30E7 /* Release */ = {
			isa = XCBuildConfiguration;
			baseConfigurationReference = 9EE38E6E54409846E4E9EC9F /* Pods-Essentia-bridges-api-ios-tests.release.xcconfig */;
			buildSettings = {
				CLANG_ENABLE_MODULES = YES;
				CODE_SIGN_STYLE = Automatic;
				DEVELOPMENT_TEAM = X24R65DM8E;
				INFOPLIST_FILE = "Essentia-bridges-api-ios-tests/Info.plist";
				LD_RUNPATH_SEARCH_PATHS = (
					"$(inherited)",
					"@executable_path/Frameworks",
					"@loader_path/Frameworks",
				);
				PRODUCT_BUNDLE_IDENTIFIER = "Essentia.Essentia-bridges-api-ios-tests";
				PRODUCT_NAME = "$(TARGET_NAME)";
				SWIFT_VERSION = 4.2;
				TARGETED_DEVICE_FAMILY = "1,2";
			};
			name = Release;
		};
		3492202220ED415F00A59A6F /* Debug */ = {
			isa = XCBuildConfiguration;
			buildSettings = {
				ALWAYS_SEARCH_USER_PATHS = NO;
				CLANG_ANALYZER_NONNULL = YES;
				CLANG_ANALYZER_NUMBER_OBJECT_CONVERSION = YES_AGGRESSIVE;
				CLANG_CXX_LANGUAGE_STANDARD = "gnu++14";
				CLANG_CXX_LIBRARY = "libc++";
				CLANG_ENABLE_MODULES = YES;
				CLANG_ENABLE_OBJC_ARC = YES;
				CLANG_ENABLE_OBJC_WEAK = YES;
				CLANG_WARN_BLOCK_CAPTURE_AUTORELEASING = YES;
				CLANG_WARN_BOOL_CONVERSION = YES;
				CLANG_WARN_COMMA = YES;
				CLANG_WARN_CONSTANT_CONVERSION = YES;
				CLANG_WARN_DEPRECATED_OBJC_IMPLEMENTATIONS = YES;
				CLANG_WARN_DIRECT_OBJC_ISA_USAGE = YES_ERROR;
				CLANG_WARN_DOCUMENTATION_COMMENTS = YES;
				CLANG_WARN_EMPTY_BODY = YES;
				CLANG_WARN_ENUM_CONVERSION = YES;
				CLANG_WARN_INFINITE_RECURSION = YES;
				CLANG_WARN_INT_CONVERSION = YES;
				CLANG_WARN_NON_LITERAL_NULL_CONVERSION = YES;
				CLANG_WARN_OBJC_IMPLICIT_RETAIN_SELF = YES;
				CLANG_WARN_OBJC_LITERAL_CONVERSION = YES;
				CLANG_WARN_OBJC_ROOT_CLASS = YES_ERROR;
				CLANG_WARN_RANGE_LOOP_ANALYSIS = YES;
				CLANG_WARN_STRICT_PROTOTYPES = YES;
				CLANG_WARN_SUSPICIOUS_MOVE = YES;
				CLANG_WARN_UNGUARDED_AVAILABILITY = YES_AGGRESSIVE;
				CLANG_WARN_UNREACHABLE_CODE = YES;
				CLANG_WARN__DUPLICATE_METHOD_MATCH = YES;
				CODE_SIGN_IDENTITY = "iPhone Developer";
				COPY_PHASE_STRIP = NO;
				DEBUG_INFORMATION_FORMAT = dwarf;
				ENABLE_STRICT_OBJC_MSGSEND = YES;
				ENABLE_TESTABILITY = YES;
				GCC_C_LANGUAGE_STANDARD = gnu11;
				GCC_DYNAMIC_NO_PIC = NO;
				GCC_NO_COMMON_BLOCKS = YES;
				GCC_OPTIMIZATION_LEVEL = 0;
				GCC_PREPROCESSOR_DEFINITIONS = (
					"DEBUG=1",
					"$(inherited)",
				);
				GCC_WARN_64_TO_32_BIT_CONVERSION = YES;
				GCC_WARN_ABOUT_RETURN_TYPE = YES_ERROR;
				GCC_WARN_UNDECLARED_SELECTOR = YES;
				GCC_WARN_UNINITIALIZED_AUTOS = YES_AGGRESSIVE;
				GCC_WARN_UNUSED_FUNCTION = YES;
				GCC_WARN_UNUSED_VARIABLE = YES;
				IPHONEOS_DEPLOYMENT_TARGET = 11.3;
				MTL_ENABLE_DEBUG_INFO = YES;
				ONLY_ACTIVE_ARCH = YES;
				SDKROOT = iphoneos;
				SWIFT_ACTIVE_COMPILATION_CONDITIONS = DEBUG;
				SWIFT_OPTIMIZATION_LEVEL = "-Onone";
			};
			name = Debug;
		};
		3492202320ED415F00A59A6F /* Release */ = {
			isa = XCBuildConfiguration;
			buildSettings = {
				ALWAYS_SEARCH_USER_PATHS = NO;
				CLANG_ANALYZER_NONNULL = YES;
				CLANG_ANALYZER_NUMBER_OBJECT_CONVERSION = YES_AGGRESSIVE;
				CLANG_CXX_LANGUAGE_STANDARD = "gnu++14";
				CLANG_CXX_LIBRARY = "libc++";
				CLANG_ENABLE_MODULES = YES;
				CLANG_ENABLE_OBJC_ARC = YES;
				CLANG_ENABLE_OBJC_WEAK = YES;
				CLANG_WARN_BLOCK_CAPTURE_AUTORELEASING = YES;
				CLANG_WARN_BOOL_CONVERSION = YES;
				CLANG_WARN_COMMA = YES;
				CLANG_WARN_CONSTANT_CONVERSION = YES;
				CLANG_WARN_DEPRECATED_OBJC_IMPLEMENTATIONS = YES;
				CLANG_WARN_DIRECT_OBJC_ISA_USAGE = YES_ERROR;
				CLANG_WARN_DOCUMENTATION_COMMENTS = YES;
				CLANG_WARN_EMPTY_BODY = YES;
				CLANG_WARN_ENUM_CONVERSION = YES;
				CLANG_WARN_INFINITE_RECURSION = YES;
				CLANG_WARN_INT_CONVERSION = YES;
				CLANG_WARN_NON_LITERAL_NULL_CONVERSION = YES;
				CLANG_WARN_OBJC_IMPLICIT_RETAIN_SELF = YES;
				CLANG_WARN_OBJC_LITERAL_CONVERSION = YES;
				CLANG_WARN_OBJC_ROOT_CLASS = YES_ERROR;
				CLANG_WARN_RANGE_LOOP_ANALYSIS = YES;
				CLANG_WARN_STRICT_PROTOTYPES = YES;
				CLANG_WARN_SUSPICIOUS_MOVE = YES;
				CLANG_WARN_UNGUARDED_AVAILABILITY = YES_AGGRESSIVE;
				CLANG_WARN_UNREACHABLE_CODE = YES;
				CLANG_WARN__DUPLICATE_METHOD_MATCH = YES;
				CODE_SIGN_IDENTITY = "iPhone Developer";
				COPY_PHASE_STRIP = NO;
				DEBUG_INFORMATION_FORMAT = "dwarf-with-dsym";
				ENABLE_NS_ASSERTIONS = NO;
				ENABLE_STRICT_OBJC_MSGSEND = YES;
				GCC_C_LANGUAGE_STANDARD = gnu11;
				GCC_NO_COMMON_BLOCKS = YES;
				GCC_WARN_64_TO_32_BIT_CONVERSION = YES;
				GCC_WARN_ABOUT_RETURN_TYPE = YES_ERROR;
				GCC_WARN_UNDECLARED_SELECTOR = YES;
				GCC_WARN_UNINITIALIZED_AUTOS = YES_AGGRESSIVE;
				GCC_WARN_UNUSED_FUNCTION = YES;
				GCC_WARN_UNUSED_VARIABLE = YES;
				IPHONEOS_DEPLOYMENT_TARGET = 11.3;
				MTL_ENABLE_DEBUG_INFO = NO;
				SDKROOT = iphoneos;
				SWIFT_COMPILATION_MODE = wholemodule;
				SWIFT_OPTIMIZATION_LEVEL = "-O";
				VALIDATE_PRODUCT = YES;
			};
			name = Release;
		};
		3492202520ED415F00A59A6F /* Debug */ = {
			isa = XCBuildConfiguration;
			baseConfigurationReference = 1DD649BAF88A746856F204D2 /* Pods-essentia-bridges-api-ios.debug.xcconfig */;
			buildSettings = {
				CLANG_ENABLE_MODULES = YES;
				CODE_SIGN_STYLE = Automatic;
				DEVELOPMENT_TEAM = X24R65DM8E;
				LD_RUNPATH_SEARCH_PATHS = (
					"$(inherited)",
					"@executable_path/Frameworks",
					"@loader_path/Frameworks",
				);
				OTHER_LDFLAGS = "-ObjC";
				PRODUCT_NAME = "$(TARGET_NAME)";
				SKIP_INSTALL = YES;
				SWIFT_OPTIMIZATION_LEVEL = "-Onone";
				SWIFT_VERSION = 4.2;
				TARGETED_DEVICE_FAMILY = "1,2";
			};
			name = Debug;
		};
		3492202620ED415F00A59A6F /* Release */ = {
			isa = XCBuildConfiguration;
			baseConfigurationReference = E5292E662034E4FF8E6A6CA2 /* Pods-essentia-bridges-api-ios.release.xcconfig */;
			buildSettings = {
				CLANG_ENABLE_MODULES = YES;
				CODE_SIGN_STYLE = Automatic;
				DEVELOPMENT_TEAM = X24R65DM8E;
				LD_RUNPATH_SEARCH_PATHS = (
					"$(inherited)",
					"@executable_path/Frameworks",
					"@loader_path/Frameworks",
				);
				OTHER_LDFLAGS = "-ObjC";
				PRODUCT_NAME = "$(TARGET_NAME)";
				SKIP_INSTALL = YES;
				SWIFT_VERSION = 4.2;
				TARGETED_DEVICE_FAMILY = "1,2";
			};
			name = Release;
		};
/* End XCBuildConfiguration section */

/* Begin XCConfigurationList section */
		34514988213F2943004A30E7 /* Build configuration list for PBXNativeTarget "Essentia-bridges-api-ios-tests" */ = {
			isa = XCConfigurationList;
			buildConfigurations = (
				34514986213F2943004A30E7 /* Debug */,
				34514987213F2943004A30E7 /* Release */,
			);
			defaultConfigurationIsVisible = 0;
			defaultConfigurationName = Release;
		};
		3492201820ED415F00A59A6F /* Build configuration list for PBXProject "essentia-bridges-api-ios" */ = {
			isa = XCConfigurationList;
			buildConfigurations = (
				3492202220ED415F00A59A6F /* Debug */,
				3492202320ED415F00A59A6F /* Release */,
			);
			defaultConfigurationIsVisible = 0;
			defaultConfigurationName = Release;
		};
		3492202420ED415F00A59A6F /* Build configuration list for PBXNativeTarget "essentia-bridges-api-ios" */ = {
			isa = XCConfigurationList;
			buildConfigurations = (
				3492202520ED415F00A59A6F /* Debug */,
				3492202620ED415F00A59A6F /* Release */,
			);
			defaultConfigurationIsVisible = 0;
			defaultConfigurationName = Release;
		};
/* End XCConfigurationList section */
	};
	rootObject = 3492201520ED415F00A59A6F /* Project object */;
}
