// !$*UTF8*$!
{
	archiveVersion = 1;
	classes = {
	};
	objectVersion = 50;
	objects = {

/* Begin PBXBuildFile section */
		3492202C20ED786800A59A6F /* IWalletProtocol.swift in Sources */ = {isa = PBXBuildFile; fileRef = 3492202B20ED786800A59A6F /* IWalletProtocol.swift */; };
		3492202F20ED795000A59A6F /* IEthereumWalletProtocol.swift in Sources */ = {isa = PBXBuildFile; fileRef = 3492202E20ED795000A59A6F /* IEthereumWalletProtocol.swift */; };
		3492203120ED7A5F00A59A6F /* EthereumWallet.swift in Sources */ = {isa = PBXBuildFile; fileRef = 3492203020ED7A5F00A59A6F /* EthereumWallet.swift */; };
		3492203320ED7B0B00A59A6F /* CryptoWallet.swift in Sources */ = {isa = PBXBuildFile; fileRef = 3492203220ED7B0B00A59A6F /* CryptoWallet.swift */; };
		3492203520ED7C2000A59A6F /* IBitcoinWalletProtocol.swift in Sources */ = {isa = PBXBuildFile; fileRef = 3492203420ED7C2000A59A6F /* IBitcoinWalletProtocol.swift */; };
		3492203720ED7C4C00A59A6F /* BitcoinWallet.swift in Sources */ = {isa = PBXBuildFile; fileRef = 3492203620ED7C4C00A59A6F /* BitcoinWallet.swift */; };
		3492203B20ED7CAA00A59A6F /* IBitcoinCashWalletProtocol.swift in Sources */ = {isa = PBXBuildFile; fileRef = 3492203A20ED7CAA00A59A6F /* IBitcoinCashWalletProtocol.swift */; };
		3492203D20ED7CB600A59A6F /* BitcoinCashWallet.swift in Sources */ = {isa = PBXBuildFile; fileRef = 3492203C20ED7CB600A59A6F /* BitcoinCashWallet.swift */; };
		3492203F20ED7D2500A59A6F /* ILitecoinWalletProtocol.swift in Sources */ = {isa = PBXBuildFile; fileRef = 3492203E20ED7D2500A59A6F /* ILitecoinWalletProtocol.swift */; };
		3492204120ED7D2F00A59A6F /* LitecoinWallet.swift in Sources */ = {isa = PBXBuildFile; fileRef = 3492204020ED7D2F00A59A6F /* LitecoinWallet.swift */; };
/* End PBXBuildFile section */

/* Begin PBXCopyFilesBuildPhase section */
		3492201B20ED415F00A59A6F /* CopyFiles */ = {
			isa = PBXCopyFilesBuildPhase;
			buildActionMask = 2147483647;
			dstPath = "include/$(PRODUCT_NAME)";
			dstSubfolderSpec = 16;
			files = (
			);
			runOnlyForDeploymentPostprocessing = 0;
		};
/* End PBXCopyFilesBuildPhase section */

/* Begin PBXFileReference section */
		3492201D20ED415F00A59A6F /* libessentia-bridges-api-ios.a */ = {isa = PBXFileReference; explicitFileType = archive.ar; includeInIndex = 0; path = "libessentia-bridges-api-ios.a"; sourceTree = BUILT_PRODUCTS_DIR; };
		3492202B20ED786800A59A6F /* IWalletProtocol.swift */ = {isa = PBXFileReference; lastKnownFileType = sourcecode.swift; path = IWalletProtocol.swift; sourceTree = "<group>"; };
		3492202E20ED795000A59A6F /* IEthereumWalletProtocol.swift */ = {isa = PBXFileReference; lastKnownFileType = sourcecode.swift; path = IEthereumWalletProtocol.swift; sourceTree = "<group>"; };
		3492203020ED7A5F00A59A6F /* EthereumWallet.swift */ = {isa = PBXFileReference; lastKnownFileType = sourcecode.swift; path = EthereumWallet.swift; sourceTree = "<group>"; };
		3492203220ED7B0B00A59A6F /* CryptoWallet.swift */ = {isa = PBXFileReference; lastKnownFileType = sourcecode.swift; path = CryptoWallet.swift; sourceTree = "<group>"; };
		3492203420ED7C2000A59A6F /* IBitcoinWalletProtocol.swift */ = {isa = PBXFileReference; lastKnownFileType = sourcecode.swift; path = IBitcoinWalletProtocol.swift; sourceTree = "<group>"; };
		3492203620ED7C4C00A59A6F /* BitcoinWallet.swift */ = {isa = PBXFileReference; lastKnownFileType = sourcecode.swift; path = BitcoinWallet.swift; sourceTree = "<group>"; };
		3492203A20ED7CAA00A59A6F /* IBitcoinCashWalletProtocol.swift */ = {isa = PBXFileReference; lastKnownFileType = sourcecode.swift; path = IBitcoinCashWalletProtocol.swift; sourceTree = "<group>"; };
		3492203C20ED7CB600A59A6F /* BitcoinCashWallet.swift */ = {isa = PBXFileReference; lastKnownFileType = sourcecode.swift; path = BitcoinCashWallet.swift; sourceTree = "<group>"; };
		3492203E20ED7D2500A59A6F /* ILitecoinWalletProtocol.swift */ = {isa = PBXFileReference; lastKnownFileType = sourcecode.swift; path = ILitecoinWalletProtocol.swift; sourceTree = "<group>"; };
		3492204020ED7D2F00A59A6F /* LitecoinWallet.swift */ = {isa = PBXFileReference; lastKnownFileType = sourcecode.swift; path = LitecoinWallet.swift; sourceTree = "<group>"; };
/* End PBXFileReference section */

/* Begin PBXFrameworksBuildPhase section */
		3492201A20ED415F00A59A6F /* Frameworks */ = {
			isa = PBXFrameworksBuildPhase;
			buildActionMask = 2147483647;
			files = (
			);
			runOnlyForDeploymentPostprocessing = 0;
		};
/* End PBXFrameworksBuildPhase section */

/* Begin PBXGroup section */
		3492201420ED415F00A59A6F = {
			isa = PBXGroup;
			children = (
				3492201F20ED415F00A59A6F /* essentia-bridges-api-ios */,
				3492201E20ED415F00A59A6F /* Products */,
			);
			sourceTree = "<group>";
		};
		3492201E20ED415F00A59A6F /* Products */ = {
			isa = PBXGroup;
			children = (
				3492201D20ED415F00A59A6F /* libessentia-bridges-api-ios.a */,
			);
			name = Products;
			sourceTree = "<group>";
		};
		3492201F20ED415F00A59A6F /* essentia-bridges-api-ios */ = {
			isa = PBXGroup;
			children = (
				3492202920ED784400A59A6F /* Wallets */,
				3492203220ED7B0B00A59A6F /* CryptoWallet.swift */,
			);
			path = "essentia-bridges-api-ios";
			sourceTree = "<group>";
		};
		3492202920ED784400A59A6F /* Wallets */ = {
			isa = PBXGroup;
			children = (
				3492203920ED7C9100A59A6F /* Litecoin */,
				3492203820ED7C8700A59A6F /* BitcoinCash */,
				3492202D20ED793A00A59A6F /* Bitcoin */,
				3492202A20ED784B00A59A6F /* Ethereum */,
				3492202B20ED786800A59A6F /* IWalletProtocol.swift */,
			);
			path = Wallets;
			sourceTree = "<group>";
		};
		3492202A20ED784B00A59A6F /* Ethereum */ = {
			isa = PBXGroup;
			children = (
				3492202E20ED795000A59A6F /* IEthereumWalletProtocol.swift */,
				3492203020ED7A5F00A59A6F /* EthereumWallet.swift */,
			);
			path = Ethereum;
			sourceTree = "<group>";
		};
		3492202D20ED793A00A59A6F /* Bitcoin */ = {
			isa = PBXGroup;
			children = (
				3492203420ED7C2000A59A6F /* IBitcoinWalletProtocol.swift */,
				3492203620ED7C4C00A59A6F /* BitcoinWallet.swift */,
			);
			path = Bitcoin;
			sourceTree = "<group>";
		};
		3492203820ED7C8700A59A6F /* BitcoinCash */ = {
			isa = PBXGroup;
			children = (
				3492203A20ED7CAA00A59A6F /* IBitcoinCashWalletProtocol.swift */,
				3492203C20ED7CB600A59A6F /* BitcoinCashWallet.swift */,
			);
			path = BitcoinCash;
			sourceTree = "<group>";
		};
		3492203920ED7C9100A59A6F /* Litecoin */ = {
			isa = PBXGroup;
			children = (
				3492203E20ED7D2500A59A6F /* ILitecoinWalletProtocol.swift */,
				3492204020ED7D2F00A59A6F /* LitecoinWallet.swift */,
			);
			path = Litecoin;
			sourceTree = "<group>";
		};
/* End PBXGroup section */

/* Begin PBXNativeTarget section */
		3492201C20ED415F00A59A6F /* essentia-bridges-api-ios */ = {
			isa = PBXNativeTarget;
			buildConfigurationList = 3492202420ED415F00A59A6F /* Build configuration list for PBXNativeTarget "essentia-bridges-api-ios" */;
			buildPhases = (
				3492201920ED415F00A59A6F /* Sources */,
				3492201A20ED415F00A59A6F /* Frameworks */,
				3492201B20ED415F00A59A6F /* CopyFiles */,
			);
			buildRules = (
			);
			dependencies = (
			);
			name = "essentia-bridges-api-ios";
			productName = "essentia-bridges-api-ios";
			productReference = 3492201D20ED415F00A59A6F /* libessentia-bridges-api-ios.a */;
			productType = "com.apple.product-type.library.static";
		};
/* End PBXNativeTarget section */

/* Begin PBXProject section */
		3492201520ED415F00A59A6F /* Project object */ = {
			isa = PBXProject;
			attributes = {
				LastSwiftUpdateCheck = 0940;
				LastUpgradeCheck = 0940;
				ORGANIZATIONNAME = Essentia;
				TargetAttributes = {
					3492201C20ED415F00A59A6F = {
						CreatedOnToolsVersion = 9.4.1;
						LastSwiftMigration = 0940;
					};
				};
			};
			buildConfigurationList = 3492201820ED415F00A59A6F /* Build configuration list for PBXProject "essentia-bridges-api-ios" */;
			compatibilityVersion = "Xcode 9.3";
			developmentRegion = en;
			hasScannedForEncodings = 0;
			knownRegions = (
				en,
			);
			mainGroup = 3492201420ED415F00A59A6F;
			productRefGroup = 3492201E20ED415F00A59A6F /* Products */;
			projectDirPath = "";
			projectRoot = "";
			targets = (
				3492201C20ED415F00A59A6F /* essentia-bridges-api-ios */,
			);
		};
/* End PBXProject section */

/* Begin PBXSourcesBuildPhase section */
		3492201920ED415F00A59A6F /* Sources */ = {
			isa = PBXSourcesBuildPhase;
			buildActionMask = 2147483647;
			files = (
				3492203520ED7C2000A59A6F /* IBitcoinWalletProtocol.swift in Sources */,
				3492202C20ED786800A59A6F /* IWalletProtocol.swift in Sources */,
				3492203D20ED7CB600A59A6F /* BitcoinCashWallet.swift in Sources */,
				3492203120ED7A5F00A59A6F /* EthereumWallet.swift in Sources */,
				3492203720ED7C4C00A59A6F /* BitcoinWallet.swift in Sources */,
				3492204120ED7D2F00A59A6F /* LitecoinWallet.swift in Sources */,
				3492203F20ED7D2500A59A6F /* ILitecoinWalletProtocol.swift in Sources */,
				3492202F20ED795000A59A6F /* IEthereumWalletProtocol.swift in Sources */,
				3492203B20ED7CAA00A59A6F /* IBitcoinCashWalletProtocol.swift in Sources */,
				3492203320ED7B0B00A59A6F /* CryptoWallet.swift in Sources */,
			);
			runOnlyForDeploymentPostprocessing = 0;
		};
/* End PBXSourcesBuildPhase section */

/* Begin XCBuildConfiguration section */
		3492202220ED415F00A59A6F /* Debug */ = {
			isa = XCBuildConfiguration;
			buildSettings = {
				ALWAYS_SEARCH_USER_PATHS = NO;
				CLANG_ANALYZER_NONNULL = YES;
				CLANG_ANALYZER_NUMBER_OBJECT_CONVERSION = YES_AGGRESSIVE;
				CLANG_CXX_LANGUAGE_STANDARD = "gnu++14";
				CLANG_CXX_LIBRARY = "libc++";
				CLANG_ENABLE_MODULES = YES;
				CLANG_ENABLE_OBJC_ARC = YES;
				CLANG_ENABLE_OBJC_WEAK = YES;
				CLANG_WARN_BLOCK_CAPTURE_AUTORELEASING = YES;
				CLANG_WARN_BOOL_CONVERSION = YES;
				CLANG_WARN_COMMA = YES;
				CLANG_WARN_CONSTANT_CONVERSION = YES;
				CLANG_WARN_DEPRECATED_OBJC_IMPLEMENTATIONS = YES;
				CLANG_WARN_DIRECT_OBJC_ISA_USAGE = YES_ERROR;
				CLANG_WARN_DOCUMENTATION_COMMENTS = YES;
				CLANG_WARN_EMPTY_BODY = YES;
				CLANG_WARN_ENUM_CONVERSION = YES;
				CLANG_WARN_INFINITE_RECURSION = YES;
				CLANG_WARN_INT_CONVERSION = YES;
				CLANG_WARN_NON_LITERAL_NULL_CONVERSION = YES;
				CLANG_WARN_OBJC_IMPLICIT_RETAIN_SELF = YES;
				CLANG_WARN_OBJC_LITERAL_CONVERSION = YES;
				CLANG_WARN_OBJC_ROOT_CLASS = YES_ERROR;
				CLANG_WARN_RANGE_LOOP_ANALYSIS = YES;
				CLANG_WARN_STRICT_PROTOTYPES = YES;
				CLANG_WARN_SUSPICIOUS_MOVE = YES;
				CLANG_WARN_UNGUARDED_AVAILABILITY = YES_AGGRESSIVE;
				CLANG_WARN_UNREACHABLE_CODE = YES;
				CLANG_WARN__DUPLICATE_METHOD_MATCH = YES;
				CODE_SIGN_IDENTITY = "iPhone Developer";
				COPY_PHASE_STRIP = NO;
				DEBUG_INFORMATION_FORMAT = dwarf;
				ENABLE_STRICT_OBJC_MSGSEND = YES;
				ENABLE_TESTABILITY = YES;
				GCC_C_LANGUAGE_STANDARD = gnu11;
				GCC_DYNAMIC_NO_PIC = NO;
				GCC_NO_COMMON_BLOCKS = YES;
				GCC_OPTIMIZATION_LEVEL = 0;
				GCC_PREPROCESSOR_DEFINITIONS = (
					"DEBUG=1",
					"$(inherited)",
				);
				GCC_WARN_64_TO_32_BIT_CONVERSION = YES;
				GCC_WARN_ABOUT_RETURN_TYPE = YES_ERROR;
				GCC_WARN_UNDECLARED_SELECTOR = YES;
				GCC_WARN_UNINITIALIZED_AUTOS = YES_AGGRESSIVE;
				GCC_WARN_UNUSED_FUNCTION = YES;
				GCC_WARN_UNUSED_VARIABLE = YES;
				IPHONEOS_DEPLOYMENT_TARGET = 11.4;
				MTL_ENABLE_DEBUG_INFO = YES;
				ONLY_ACTIVE_ARCH = YES;
				SDKROOT = iphoneos;
				SWIFT_ACTIVE_COMPILATION_CONDITIONS = DEBUG;
				SWIFT_OPTIMIZATION_LEVEL = "-Onone";
			};
			name = Debug;
		};
		3492202320ED415F00A59A6F /* Release */ = {
			isa = XCBuildConfiguration;
			buildSettings = {
				ALWAYS_SEARCH_USER_PATHS = NO;
				CLANG_ANALYZER_NONNULL = YES;
				CLANG_ANALYZER_NUMBER_OBJECT_CONVERSION = YES_AGGRESSIVE;
				CLANG_CXX_LANGUAGE_STANDARD = "gnu++14";
				CLANG_CXX_LIBRARY = "libc++";
				CLANG_ENABLE_MODULES = YES;
				CLANG_ENABLE_OBJC_ARC = YES;
				CLANG_ENABLE_OBJC_WEAK = YES;
				CLANG_WARN_BLOCK_CAPTURE_AUTORELEASING = YES;
				CLANG_WARN_BOOL_CONVERSION = YES;
				CLANG_WARN_COMMA = YES;
				CLANG_WARN_CONSTANT_CONVERSION = YES;
				CLANG_WARN_DEPRECATED_OBJC_IMPLEMENTATIONS = YES;
				CLANG_WARN_DIRECT_OBJC_ISA_USAGE = YES_ERROR;
				CLANG_WARN_DOCUMENTATION_COMMENTS = YES;
				CLANG_WARN_EMPTY_BODY = YES;
				CLANG_WARN_ENUM_CONVERSION = YES;
				CLANG_WARN_INFINITE_RECURSION = YES;
				CLANG_WARN_INT_CONVERSION = YES;
				CLANG_WARN_NON_LITERAL_NULL_CONVERSION = YES;
				CLANG_WARN_OBJC_IMPLICIT_RETAIN_SELF = YES;
				CLANG_WARN_OBJC_LITERAL_CONVERSION = YES;
				CLANG_WARN_OBJC_ROOT_CLASS = YES_ERROR;
				CLANG_WARN_RANGE_LOOP_ANALYSIS = YES;
				CLANG_WARN_STRICT_PROTOTYPES = YES;
				CLANG_WARN_SUSPICIOUS_MOVE = YES;
				CLANG_WARN_UNGUARDED_AVAILABILITY = YES_AGGRESSIVE;
				CLANG_WARN_UNREACHABLE_CODE = YES;
				CLANG_WARN__DUPLICATE_METHOD_MATCH = YES;
				CODE_SIGN_IDENTITY = "iPhone Developer";
				COPY_PHASE_STRIP = NO;
				DEBUG_INFORMATION_FORMAT = "dwarf-with-dsym";
				ENABLE_NS_ASSERTIONS = NO;
				ENABLE_STRICT_OBJC_MSGSEND = YES;
				GCC_C_LANGUAGE_STANDARD = gnu11;
				GCC_NO_COMMON_BLOCKS = YES;
				GCC_WARN_64_TO_32_BIT_CONVERSION = YES;
				GCC_WARN_ABOUT_RETURN_TYPE = YES_ERROR;
				GCC_WARN_UNDECLARED_SELECTOR = YES;
				GCC_WARN_UNINITIALIZED_AUTOS = YES_AGGRESSIVE;
				GCC_WARN_UNUSED_FUNCTION = YES;
				GCC_WARN_UNUSED_VARIABLE = YES;
				IPHONEOS_DEPLOYMENT_TARGET = 11.4;
				MTL_ENABLE_DEBUG_INFO = NO;
				SDKROOT = iphoneos;
				SWIFT_COMPILATION_MODE = wholemodule;
				SWIFT_OPTIMIZATION_LEVEL = "-O";
				VALIDATE_PRODUCT = YES;
			};
			name = Release;
		};
		3492202520ED415F00A59A6F /* Debug */ = {
			isa = XCBuildConfiguration;
			buildSettings = {
				CLANG_ENABLE_MODULES = YES;
				CODE_SIGN_STYLE = Automatic;
				DEVELOPMENT_TEAM = X24R65DM8E;
				LD_RUNPATH_SEARCH_PATHS = (
					"$(inherited)",
					"@executable_path/Frameworks",
					"@loader_path/Frameworks",
				);
				OTHER_LDFLAGS = "-ObjC";
				PRODUCT_NAME = "$(TARGET_NAME)";
				SKIP_INSTALL = YES;
				SWIFT_OPTIMIZATION_LEVEL = "-Onone";
				SWIFT_VERSION = 4.0;
				TARGETED_DEVICE_FAMILY = "1,2";
			};
			name = Debug;
		};
		3492202620ED415F00A59A6F /* Release */ = {
			isa = XCBuildConfiguration;
			buildSettings = {
				CLANG_ENABLE_MODULES = YES;
				CODE_SIGN_STYLE = Automatic;
				DEVELOPMENT_TEAM = X24R65DM8E;
				LD_RUNPATH_SEARCH_PATHS = (
					"$(inherited)",
					"@executable_path/Frameworks",
					"@loader_path/Frameworks",
				);
				OTHER_LDFLAGS = "-ObjC";
				PRODUCT_NAME = "$(TARGET_NAME)";
				SKIP_INSTALL = YES;
				SWIFT_VERSION = 4.0;
				TARGETED_DEVICE_FAMILY = "1,2";
			};
			name = Release;
		};
/* End XCBuildConfiguration section */

/* Begin XCConfigurationList section */
		3492201820ED415F00A59A6F /* Build configuration list for PBXProject "essentia-bridges-api-ios" */ = {
			isa = XCConfigurationList;
			buildConfigurations = (
				3492202220ED415F00A59A6F /* Debug */,
				3492202320ED415F00A59A6F /* Release */,
			);
			defaultConfigurationIsVisible = 0;
			defaultConfigurationName = Release;
		};
		3492202420ED415F00A59A6F /* Build configuration list for PBXNativeTarget "essentia-bridges-api-ios" */ = {
			isa = XCConfigurationList;
			buildConfigurations = (
				3492202520ED415F00A59A6F /* Debug */,
				3492202620ED415F00A59A6F /* Release */,
			);
			defaultConfigurationIsVisible = 0;
			defaultConfigurationName = Release;
		};
/* End XCConfigurationList section */
	};
	rootObject = 3492201520ED415F00A59A6F /* Project object */;
}
